
Microsoft Visual Studio Solution File, Format Version 12.00
# Visual Studio Version 16
VisualStudioVersion = 16.0.30225.117
MinimumVisualStudioVersion = 10.0.40219.1
Project("{FAE04EC0-301F-11D3-BF4B-00C04F79EFBC}") = "WebAPI", "WebAPI\WebAPI.csproj", "{980F2A3F-6D86-49E4-A23A-8CFE01FCA815}"
EndProject
Global
	GlobalSection(SolutionConfigurationPlatforms) = preSolution
		Debug|Any CPU = Debug|Any CPU
		Release|Any CPU = Release|Any CPU
	EndGlobalSection
	GlobalSection(ProjectConfigurationPlatforms) = postSolution
		{980F2A3F-6D86-49E4-A23A-8CFE01FCA815}.Debug|Any CPU.ActiveCfg = Debug|Any CPU
		{980F2A3F-6D86-49E4-A23A-8CFE01FCA815}.Debug|Any CPU.Build.0 = Debug|Any CPU
		{980F2A3F-6D86-49E4-A23A-8CFE01FCA815}.Release|Any CPU.ActiveCfg = Release|Any CPU
		{980F2A3F-6D86-49E4-A23A-8CFE01FCA815}.Release|Any CPU.Build.0 = Release|Any CPU
	EndGlobalSection
	GlobalSection(SolutionProperties) = preSolution
		HideSolutionNode = FALSE
	EndGlobalSection
	GlobalSection(ExtensibilityGlobals) = postSolution
		SolutionGuid = {63F09E74-F313-4D9E-AAC1-B2D336812DF7}
	EndGlobalSection
EndGlobal
